
Microsoft Visual Studio Solution File, Format Version 12.00
# Visual Studio Version 17
VisualStudioVersion = 17.8.34330.188
MinimumVisualStudioVersion = 10.0.40219.1
Project("{2150E333-8FDC-42A3-9474-1A3956D46DE8}") = "Doc", "Doc", "{6DAFA64A-34E8-49BE-A315-B1EE220482E5}"
EndProject
Project("{2150E333-8FDC-42A3-9474-1A3956D46DE8}") = "Src", "Src", "{7715E613-18C4-4FEF-AD20-B7423EF1E373}"
EndProject
Project("{2150E333-8FDC-42A3-9474-1A3956D46DE8}") = "Common", "Common", "{238A237E-CCBB-4537-9CB3-EE7CA7181E49}"
EndProject
Project("{2150E333-8FDC-42A3-9474-1A3956D46DE8}") = "Core", "Core", "{B41D32FD-7948-4F45-9E51-0FC8D61DAB89}"
EndProject
Project("{2150E333-8FDC-42A3-9474-1A3956D46DE8}") = "Presentation", "Presentation", "{0F635612-170E-49AA-850D-342FD44BB390}"
EndProject
Project("{9A19103F-16F7-4668-BE54-9A1E7A4F7556}") = "UploadsClean.Domain", "UploadsClean.Domain\UploadsClean.Domain.csproj", "{9A79A674-A44A-4B0F-BBE6-4B28EDDE6F46}"
EndProject
Project("{2150E333-8FDC-42A3-9474-1A3956D46DE8}") = "Infrastructure", "Infrastructure", "{796BBC93-BAC2-441A-9C21-BE7C4688AF10}"
EndProject
Project("{9A19103F-16F7-4668-BE54-9A1E7A4F7556}") = "UploadClean.Application", "UploadClean.Application\UploadClean.Application.csproj", "{7F95D89E-8C8C-45B5-87B3-E9F76ACA879B}"
EndProject
Project("{9A19103F-16F7-4668-BE54-9A1E7A4F7556}") = "UploadsClean.Persistence", "UploadsClean.Persistence\UploadsClean.Persistence.csproj", "{16F01CC0-03F6-41C9-8DD1-B6A11C6C86F1}"
EndProject
Project("{9A19103F-16F7-4668-BE54-9A1E7A4F7556}") = "UploadsClean.Common", "UploadsClean.Common\UploadsClean.Common.csproj", "{1C4E9037-7029-4071-ABC5-F2A52C0B437A}"
EndProject
Project("{9A19103F-16F7-4668-BE54-9A1E7A4F7556}") = "EndPoint.Users", "EndPoint.Users\EndPoint.Users.csproj", "{DC13E384-022F-4B7E-BCC1-853FF50A5939}"
EndProject
Project("{FAE04EC0-301F-11D3-BF4B-00C04F79EFBC}") = "EndPoint.Admin", "EndPoint.Admin\EndPoint.Admin.csproj", "{DCB6CC45-3E3C-483B-ABA6-E23137860F90}"
EndProject
Global
	GlobalSection(SolutionConfigurationPlatforms) = preSolution
		Debug|Any CPU = Debug|Any CPU
		Release|Any CPU = Release|Any CPU
	EndGlobalSection
	GlobalSection(ProjectConfigurationPlatforms) = postSolution
		{9A79A674-A44A-4B0F-BBE6-4B28EDDE6F46}.Debug|Any CPU.ActiveCfg = Debug|Any CPU
		{9A79A674-A44A-4B0F-BBE6-4B28EDDE6F46}.Debug|Any CPU.Build.0 = Debug|Any CPU
		{9A79A674-A44A-4B0F-BBE6-4B28EDDE6F46}.Release|Any CPU.ActiveCfg = Release|Any CPU
		{9A79A674-A44A-4B0F-BBE6-4B28EDDE6F46}.Release|Any CPU.Build.0 = Release|Any CPU
		{7F95D89E-8C8C-45B5-87B3-E9F76ACA879B}.Debug|Any CPU.ActiveCfg = Debug|Any CPU
		{7F95D89E-8C8C-45B5-87B3-E9F76ACA879B}.Debug|Any CPU.Build.0 = Debug|Any CPU
		{7F95D89E-8C8C-45B5-87B3-E9F76ACA879B}.Release|Any CPU.ActiveCfg = Release|Any CPU
		{7F95D89E-8C8C-45B5-87B3-E9F76ACA879B}.Release|Any CPU.Build.0 = Release|Any CPU
		{16F01CC0-03F6-41C9-8DD1-B6A11C6C86F1}.Debug|Any CPU.ActiveCfg = Debug|Any CPU
		{16F01CC0-03F6-41C9-8DD1-B6A11C6C86F1}.Debug|Any CPU.Build.0 = Debug|Any CPU
		{16F01CC0-03F6-41C9-8DD1-B6A11C6C86F1}.Release|Any CPU.ActiveCfg = Release|Any CPU
		{16F01CC0-03F6-41C9-8DD1-B6A11C6C86F1}.Release|Any CPU.Build.0 = Release|Any CPU
		{1C4E9037-7029-4071-ABC5-F2A52C0B437A}.Debug|Any CPU.ActiveCfg = Debug|Any CPU
		{1C4E9037-7029-4071-ABC5-F2A52C0B437A}.Debug|Any CPU.Build.0 = Debug|Any CPU
		{1C4E9037-7029-4071-ABC5-F2A52C0B437A}.Release|Any CPU.ActiveCfg = Release|Any CPU
		{1C4E9037-7029-4071-ABC5-F2A52C0B437A}.Release|Any CPU.Build.0 = Release|Any CPU
		{DC13E384-022F-4B7E-BCC1-853FF50A5939}.Debug|Any CPU.ActiveCfg = Debug|Any CPU
		{DC13E384-022F-4B7E-BCC1-853FF50A5939}.Debug|Any CPU.Build.0 = Debug|Any CPU
		{DC13E384-022F-4B7E-BCC1-853FF50A5939}.Release|Any CPU.ActiveCfg = Release|Any CPU
		{DC13E384-022F-4B7E-BCC1-853FF50A5939}.Release|Any CPU.Build.0 = Release|Any CPU
		{DCB6CC45-3E3C-483B-ABA6-E23137860F90}.Debug|Any CPU.ActiveCfg = Debug|Any CPU
		{DCB6CC45-3E3C-483B-ABA6-E23137860F90}.Debug|Any CPU.Build.0 = Debug|Any CPU
		{DCB6CC45-3E3C-483B-ABA6-E23137860F90}.Release|Any CPU.ActiveCfg = Release|Any CPU
		{DCB6CC45-3E3C-483B-ABA6-E23137860F90}.Release|Any CPU.Build.0 = Release|Any CPU
	EndGlobalSection
	GlobalSection(SolutionProperties) = preSolution
		HideSolutionNode = FALSE
	EndGlobalSection
	GlobalSection(NestedProjects) = preSolution
		{238A237E-CCBB-4537-9CB3-EE7CA7181E49} = {7715E613-18C4-4FEF-AD20-B7423EF1E373}
		{B41D32FD-7948-4F45-9E51-0FC8D61DAB89} = {7715E613-18C4-4FEF-AD20-B7423EF1E373}
		{0F635612-170E-49AA-850D-342FD44BB390} = {7715E613-18C4-4FEF-AD20-B7423EF1E373}
		{9A79A674-A44A-4B0F-BBE6-4B28EDDE6F46} = {B41D32FD-7948-4F45-9E51-0FC8D61DAB89}
		{796BBC93-BAC2-441A-9C21-BE7C4688AF10} = {7715E613-18C4-4FEF-AD20-B7423EF1E373}
		{7F95D89E-8C8C-45B5-87B3-E9F76ACA879B} = {B41D32FD-7948-4F45-9E51-0FC8D61DAB89}
		{16F01CC0-03F6-41C9-8DD1-B6A11C6C86F1} = {796BBC93-BAC2-441A-9C21-BE7C4688AF10}
		{1C4E9037-7029-4071-ABC5-F2A52C0B437A} = {238A237E-CCBB-4537-9CB3-EE7CA7181E49}
		{DC13E384-022F-4B7E-BCC1-853FF50A5939} = {0F635612-170E-49AA-850D-342FD44BB390}
		{DCB6CC45-3E3C-483B-ABA6-E23137860F90} = {0F635612-170E-49AA-850D-342FD44BB390}
	EndGlobalSection
	GlobalSection(ExtensibilityGlobals) = postSolution
		SolutionGuid = {A449C8C4-D177-4EE8-B2DD-E036FCCEF28C}
	EndGlobalSection
EndGlobal
